// !$*UTF8*$!
{
	archiveVersion = 1;
	classes = {
	};
	objectVersion = 77;
	objects = {

/* Begin PBXBuildFile section */
		1ECEB6CEC3C683A38B8CFCB0 /* SettingsView.swift in Sources */ = {isa = PBXBuildFile; fileRef = 6770C1B15A28CC35B18049A0 /* SettingsView.swift */; };
		2468665AE503A5BFAF027B56 /* MenuBarView.swift in Sources */ = {isa = PBXBuildFile; fileRef = 90E479EE18A58851E8D1F22B /* MenuBarView.swift */; };
		24BABAC81816935A2E22BCA8 /* Preferences.swift in Sources */ = {isa = PBXBuildFile; fileRef = 53775387F79D53139E81F44D /* Preferences.swift */; };
		2F70B1826D2A86D4933B4314 /* AppState.swift in Sources */ = {isa = PBXBuildFile; fileRef = C5702C2D6B3C04568EEF3BA6 /* AppState.swift */; };
		3D75F5CA7711DC31744777A1 /* ClipboardExtractor.swift in Sources */ = {isa = PBXBuildFile; fileRef = 07F39E158638D1E0ED600400 /* ClipboardExtractor.swift */; };
		5DCC8D7C22D3F81E30B659DF /* VoiceEngine.swift in Sources */ = {isa = PBXBuildFile; fileRef = 2A7760D5C4D0EE951AAD5AFE /* VoiceEngine.swift */; };
		68CD4D751C1034533737645F /* Defaults in Frameworks */ = {isa = PBXBuildFile; productRef = 8212EA57220295EA0A73AA67 /* Defaults */; };
		8895D96CC5D6FA0BF39FCEF9 /* MLXAudioTTS in Frameworks */ = {isa = PBXBuildFile; productRef = 33F7C9D880A6F670FF6D3025 /* MLXAudioTTS */; };
		92E4016D915EA080EA0823A4 /* LaunchAtLogin in Frameworks */ = {isa = PBXBuildFile; productRef = 563D0F1F48A3BF206ADE39A6 /* LaunchAtLogin */; };
		9AFC3CED5DF0B9AD047A5BD5 /* Theme.swift in Sources */ = {isa = PBXBuildFile; fileRef = C5CB0498FA2C5E06507C2E9F /* Theme.swift */; };
		AAB2D36AEE448B774DCB4648 /* ModelManager.swift in Sources */ = {isa = PBXBuildFile; fileRef = 80C0B02ADBA4E9E0B2C201AD /* ModelManager.swift */; };
		ABAFC95F01025AAD22F4EDA3 /* Assets.xcassets in Resources */ = {isa = PBXBuildFile; fileRef = 05966A5726A2A79EA73AB8BA /* Assets.xcassets */; };
		B4D8741D71D242ABC5223987 /* MurmurApp.swift in Sources */ = {isa = PBXBuildFile; fileRef = 56634B3B5D3BF1AE378F4D4C /* MurmurApp.swift */; };
		CCA6160297EC5A1677B8106D /* KeyboardShortcuts in Frameworks */ = {isa = PBXBuildFile; productRef = 4755A9F4C696CFA48D7D64A5 /* KeyboardShortcuts */; };
		EC23DDCDAD72AACB7B229C34 /* SystemVoiceEngine.swift in Sources */ = {isa = PBXBuildFile; fileRef = BB351C1BCBADA53BC0565AE1 /* SystemVoiceEngine.swift */; };
		EE919D0DA995260768DEAC17 /* MLXTTSEngine.swift in Sources */ = {isa = PBXBuildFile; fileRef = 2FCF22745A3260DDD2BA4FBA /* MLXTTSEngine.swift */; };
/* End PBXBuildFile section */

/* Begin PBXFileReference section */
		05966A5726A2A79EA73AB8BA /* Assets.xcassets */ = {isa = PBXFileReference; lastKnownFileType = folder.assetcatalog; path = Assets.xcassets; sourceTree = "<group>"; };
		07F39E158638D1E0ED600400 /* ClipboardExtractor.swift */ = {isa = PBXFileReference; lastKnownFileType = sourcecode.swift; path = ClipboardExtractor.swift; sourceTree = "<group>"; };
		2A7760D5C4D0EE951AAD5AFE /* VoiceEngine.swift */ = {isa = PBXFileReference; lastKnownFileType = sourcecode.swift; path = VoiceEngine.swift; sourceTree = "<group>"; };
		2FCF22745A3260DDD2BA4FBA /* MLXTTSEngine.swift */ = {isa = PBXFileReference; lastKnownFileType = sourcecode.swift; path = MLXTTSEngine.swift; sourceTree = "<group>"; };
		53775387F79D53139E81F44D /* Preferences.swift */ = {isa = PBXFileReference; lastKnownFileType = sourcecode.swift; path = Preferences.swift; sourceTree = "<group>"; };
		56634B3B5D3BF1AE378F4D4C /* MurmurApp.swift */ = {isa = PBXFileReference; lastKnownFileType = sourcecode.swift; path = MurmurApp.swift; sourceTree = "<group>"; };
		6770C1B15A28CC35B18049A0 /* SettingsView.swift */ = {isa = PBXFileReference; lastKnownFileType = sourcecode.swift; path = SettingsView.swift; sourceTree = "<group>"; };
		80C0B02ADBA4E9E0B2C201AD /* ModelManager.swift */ = {isa = PBXFileReference; lastKnownFileType = sourcecode.swift; path = ModelManager.swift; sourceTree = "<group>"; };
		90E479EE18A58851E8D1F22B /* MenuBarView.swift */ = {isa = PBXFileReference; lastKnownFileType = sourcecode.swift; path = MenuBarView.swift; sourceTree = "<group>"; };
		98E504E0615EB91A3B9D9384 /* Info.plist */ = {isa = PBXFileReference; lastKnownFileType = text.plist; path = Info.plist; sourceTree = "<group>"; };
		BB351C1BCBADA53BC0565AE1 /* SystemVoiceEngine.swift */ = {isa = PBXFileReference; lastKnownFileType = sourcecode.swift; path = SystemVoiceEngine.swift; sourceTree = "<group>"; };
		C5702C2D6B3C04568EEF3BA6 /* AppState.swift */ = {isa = PBXFileReference; lastKnownFileType = sourcecode.swift; path = AppState.swift; sourceTree = "<group>"; };
		C5CB0498FA2C5E06507C2E9F /* Theme.swift */ = {isa = PBXFileReference; lastKnownFileType = sourcecode.swift; path = Theme.swift; sourceTree = "<group>"; };
		C834EC374C4A986C47F46292 /* Murmur.app */ = {isa = PBXFileReference; explicitFileType = wrapper.application; includeInIndex = 0; path = Murmur.app; sourceTree = BUILT_PRODUCTS_DIR; };
		EDB381A779CDEF3E10B25E7A /* Murmur.entitlements */ = {isa = PBXFileReference; lastKnownFileType = text.plist.entitlements; path = Murmur.entitlements; sourceTree = "<group>"; };
/* End PBXFileReference section */

/* Begin PBXFrameworksBuildPhase section */
		D9FDE2E088591FE29B875987 /* Frameworks */ = {
			isa = PBXFrameworksBuildPhase;
			buildActionMask = 2147483647;
			files = (
				CCA6160297EC5A1677B8106D /* KeyboardShortcuts in Frameworks */,
				92E4016D915EA080EA0823A4 /* LaunchAtLogin in Frameworks */,
				68CD4D751C1034533737645F /* Defaults in Frameworks */,
				8895D96CC5D6FA0BF39FCEF9 /* MLXAudioTTS in Frameworks */,
			);
			runOnlyForDeploymentPostprocessing = 0;
		};
/* End PBXFrameworksBuildPhase section */

/* Begin PBXGroup section */
		001444262D284F2CB5040E1E /* Products */ = {
			isa = PBXGroup;
			children = (
				C834EC374C4A986C47F46292 /* Murmur.app */,
			);
			name = Products;
			sourceTree = "<group>";
		};
		0C213C3B30DA64EAF7632B7D /* Resources */ = {
			isa = PBXGroup;
			children = (
				05966A5726A2A79EA73AB8BA /* Assets.xcassets */,
				98E504E0615EB91A3B9D9384 /* Info.plist */,
				EDB381A779CDEF3E10B25E7A /* Murmur.entitlements */,
			);
			path = Resources;
			sourceTree = "<group>";
		};
		55AFDC8326A0474CEB29A9C9 = {
			isa = PBXGroup;
			children = (
				C069B21BE9D463290D39AC6C /* Murmur */,
				001444262D284F2CB5040E1E /* Products */,
			);
			sourceTree = "<group>";
		};
		644AA06277A7E32A103CF4CD /* Voice */ = {
			isa = PBXGroup;
			children = (
				2FCF22745A3260DDD2BA4FBA /* MLXTTSEngine.swift */,
				80C0B02ADBA4E9E0B2C201AD /* ModelManager.swift */,
				BB351C1BCBADA53BC0565AE1 /* SystemVoiceEngine.swift */,
				2A7760D5C4D0EE951AAD5AFE /* VoiceEngine.swift */,
			);
			path = Voice;
			sourceTree = "<group>";
		};
		BBF1B9F74312639FCD3F46F1 /* App */ = {
			isa = PBXGroup;
			children = (
				C5702C2D6B3C04568EEF3BA6 /* AppState.swift */,
				90E479EE18A58851E8D1F22B /* MenuBarView.swift */,
				56634B3B5D3BF1AE378F4D4C /* MurmurApp.swift */,
				C5CB0498FA2C5E06507C2E9F /* Theme.swift */,
			);
			path = App;
			sourceTree = "<group>";
		};
		C069B21BE9D463290D39AC6C /* Murmur */ = {
			isa = PBXGroup;
			children = (
				BBF1B9F74312639FCD3F46F1 /* App */,
				E4B768BF79EB6C730B34A6A4 /* Extraction */,
				0C213C3B30DA64EAF7632B7D /* Resources */,
				E643222FE8B88F98124745ED /* Settings */,
				644AA06277A7E32A103CF4CD /* Voice */,
			);
			path = Murmur;
			sourceTree = "<group>";
		};
		E4B768BF79EB6C730B34A6A4 /* Extraction */ = {
			isa = PBXGroup;
			children = (
				07F39E158638D1E0ED600400 /* ClipboardExtractor.swift */,
			);
			path = Extraction;
			sourceTree = "<group>";
		};
		E643222FE8B88F98124745ED /* Settings */ = {
			isa = PBXGroup;
			children = (
				53775387F79D53139E81F44D /* Preferences.swift */,
				6770C1B15A28CC35B18049A0 /* SettingsView.swift */,
			);
			path = Settings;
			sourceTree = "<group>";
		};
/* End PBXGroup section */

/* Begin PBXNativeTarget section */
		42F900FA13D760CB89CF4141 /* Murmur */ = {
			isa = PBXNativeTarget;
			buildConfigurationList = EDB1F9ED9EE411689FF7A246 /* Build configuration list for PBXNativeTarget "Murmur" */;
			buildPhases = (
				55FA5046E9EFCAD54C9E8A85 /* Sources */,
				5D518C0DA7FA93F54066B380 /* Resources */,
				D9FDE2E088591FE29B875987 /* Frameworks */,
			);
			buildRules = (
			);
			dependencies = (
			);
			name = Murmur;
			packageProductDependencies = (
				4755A9F4C696CFA48D7D64A5 /* KeyboardShortcuts */,
				563D0F1F48A3BF206ADE39A6 /* LaunchAtLogin */,
				8212EA57220295EA0A73AA67 /* Defaults */,
				33F7C9D880A6F670FF6D3025 /* MLXAudioTTS */,
			);
			productName = Murmur;
			productReference = C834EC374C4A986C47F46292 /* Murmur.app */;
			productType = "com.apple.product-type.application";
		};
/* End PBXNativeTarget section */

/* Begin PBXProject section */
		212C51E196E4C5F2E057C421 /* Project object */ = {
			isa = PBXProject;
			attributes = {
				BuildIndependentTargetsInParallel = YES;
				LastUpgradeCheck = 1430;
			};
			buildConfigurationList = 7BC53DFDF5746356F727BB31 /* Build configuration list for PBXProject "Murmur" */;
			compatibilityVersion = "Xcode 14.0";
			developmentRegion = en;
			hasScannedForEncodings = 0;
			knownRegions = (
				Base,
				en,
			);
			mainGroup = 55AFDC8326A0474CEB29A9C9;
			minimizedProjectReferenceProxies = 1;
			packageReferences = (
				6F149797DCCFBFCB920C4E6D /* XCRemoteSwiftPackageReference "Defaults" */,
				68A09680EA56AD8543AE1FFC /* XCRemoteSwiftPackageReference "KeyboardShortcuts" */,
				86596CA00E85B6AFF6A69CBB /* XCRemoteSwiftPackageReference "LaunchAtLogin-Modern" */,
				1FBDA3E87B8F76165B204A76 /* XCRemoteSwiftPackageReference "mlx-audio-swift" */,
			);
			preferredProjectObjectVersion = 77;
			projectDirPath = "";
			projectRoot = "";
			targets = (
				42F900FA13D760CB89CF4141 /* Murmur */,
			);
		};
/* End PBXProject section */

/* Begin PBXResourcesBuildPhase section */
		5D518C0DA7FA93F54066B380 /* Resources */ = {
			isa = PBXResourcesBuildPhase;
			buildActionMask = 2147483647;
			files = (
				ABAFC95F01025AAD22F4EDA3 /* Assets.xcassets in Resources */,
			);
			runOnlyForDeploymentPostprocessing = 0;
		};
/* End PBXResourcesBuildPhase section */

/* Begin PBXSourcesBuildPhase section */
		55FA5046E9EFCAD54C9E8A85 /* Sources */ = {
			isa = PBXSourcesBuildPhase;
			buildActionMask = 2147483647;
			files = (
				2F70B1826D2A86D4933B4314 /* AppState.swift in Sources */,
				3D75F5CA7711DC31744777A1 /* ClipboardExtractor.swift in Sources */,
				EE919D0DA995260768DEAC17 /* MLXTTSEngine.swift in Sources */,
				2468665AE503A5BFAF027B56 /* MenuBarView.swift in Sources */,
				AAB2D36AEE448B774DCB4648 /* ModelManager.swift in Sources */,
				B4D8741D71D242ABC5223987 /* MurmurApp.swift in Sources */,
				24BABAC81816935A2E22BCA8 /* Preferences.swift in Sources */,
				1ECEB6CEC3C683A38B8CFCB0 /* SettingsView.swift in Sources */,
				EC23DDCDAD72AACB7B229C34 /* SystemVoiceEngine.swift in Sources */,
				9AFC3CED5DF0B9AD047A5BD5 /* Theme.swift in Sources */,
				5DCC8D7C22D3F81E30B659DF /* VoiceEngine.swift in Sources */,
			);
			runOnlyForDeploymentPostprocessing = 0;
		};
/* End PBXSourcesBuildPhase section */

/* Begin XCBuildConfiguration section */
		355F4A46252484FA15A00B8B /* Debug */ = {
			isa = XCBuildConfiguration;
			buildSettings = {
				ASSETCATALOG_COMPILER_APPICON_NAME = AppIcon;
				CODE_SIGN_ENTITLEMENTS = Murmur/Resources/Murmur.entitlements;
				COMBINE_HIDPI_IMAGES = YES;
				GENERATE_INFOPLIST_FILE = NO;
				INFOPLIST_FILE = Murmur/Resources/Info.plist;
				LD_RUNPATH_SEARCH_PATHS = (
					"$(inherited)",
					"@executable_path/../Frameworks",
				);
				PRODUCT_BUNDLE_IDENTIFIER = com.murmur.app;
				SDKROOT = macosx;
			};
			name = Debug;
		};
		780199B9044B5F76C0A845AC /* Release */ = {
			isa = XCBuildConfiguration;
			buildSettings = {
				ASSETCATALOG_COMPILER_APPICON_NAME = AppIcon;
				CODE_SIGN_ENTITLEMENTS = Murmur/Resources/Murmur.entitlements;
				COMBINE_HIDPI_IMAGES = YES;
				GENERATE_INFOPLIST_FILE = NO;
				INFOPLIST_FILE = Murmur/Resources/Info.plist;
				LD_RUNPATH_SEARCH_PATHS = (
					"$(inherited)",
					"@executable_path/../Frameworks",
				);
				PRODUCT_BUNDLE_IDENTIFIER = com.murmur.app;
				SDKROOT = macosx;
			};
			name = Release;
		};
		9191DF2C32DAEF5A429C8A63 /* Release */ = {
			isa = XCBuildConfiguration;
			buildSettings = {
				ALWAYS_SEARCH_USER_PATHS = NO;
				CLANG_ANALYZER_NONNULL = YES;
				CLANG_ANALYZER_NUMBER_OBJECT_CONVERSION = YES_AGGRESSIVE;
				CLANG_CXX_LANGUAGE_STANDARD = "gnu++14";
				CLANG_CXX_LIBRARY = "libc++";
				CLANG_ENABLE_MODULES = YES;
				CLANG_ENABLE_OBJC_ARC = YES;
				CLANG_ENABLE_OBJC_WEAK = YES;
				CLANG_WARN_BLOCK_CAPTURE_AUTORELEASING = YES;
				CLANG_WARN_BOOL_CONVERSION = YES;
				CLANG_WARN_COMMA = YES;
				CLANG_WARN_CONSTANT_CONVERSION = YES;
				CLANG_WARN_DEPRECATED_OBJC_IMPLEMENTATIONS = YES;
				CLANG_WARN_DIRECT_OBJC_ISA_USAGE = YES_ERROR;
				CLANG_WARN_DOCUMENTATION_COMMENTS = YES;
				CLANG_WARN_EMPTY_BODY = YES;
				CLANG_WARN_ENUM_CONVERSION = YES;
				CLANG_WARN_INFINITE_RECURSION = YES;
				CLANG_WARN_INT_CONVERSION = YES;
				CLANG_WARN_NON_LITERAL_NULL_CONVERSION = YES;
				CLANG_WARN_OBJC_IMPLICIT_RETAIN_SELF = YES;
				CLANG_WARN_OBJC_LITERAL_CONVERSION = YES;
				CLANG_WARN_OBJC_ROOT_CLASS = YES_ERROR;
				CLANG_WARN_QUOTED_INCLUDE_IN_FRAMEWORK_HEADER = YES;
				CLANG_WARN_RANGE_LOOP_ANALYSIS = YES;
				CLANG_WARN_STRICT_PROTOTYPES = YES;
				CLANG_WARN_SUSPICIOUS_MOVE = YES;
				CLANG_WARN_UNGUARDED_AVAILABILITY = YES_AGGRESSIVE;
				CLANG_WARN_UNREACHABLE_CODE = YES;
				CLANG_WARN__DUPLICATE_METHOD_MATCH = YES;
				COPY_PHASE_STRIP = NO;
				CURRENT_PROJECT_VERSION = 1;
				DEBUG_INFORMATION_FORMAT = "dwarf-with-dsym";
				ENABLE_NS_ASSERTIONS = NO;
				ENABLE_STRICT_OBJC_MSGSEND = YES;
				GCC_C_LANGUAGE_STANDARD = gnu11;
				GCC_NO_COMMON_BLOCKS = YES;
				GCC_WARN_64_TO_32_BIT_CONVERSION = YES;
				GCC_WARN_ABOUT_RETURN_TYPE = YES_ERROR;
				GCC_WARN_UNDECLARED_SELECTOR = YES;
				GCC_WARN_UNINITIALIZED_AUTOS = YES_AGGRESSIVE;
				GCC_WARN_UNUSED_FUNCTION = YES;
				GCC_WARN_UNUSED_VARIABLE = YES;
				MACOSX_DEPLOYMENT_TARGET = 15.0;
				MARKETING_VERSION = 0.1.0;
				MTL_ENABLE_DEBUG_INFO = NO;
				MTL_FAST_MATH = YES;
				PRODUCT_NAME = "$(TARGET_NAME)";
				SDKROOT = macosx;
				SWIFT_COMPILATION_MODE = wholemodule;
				SWIFT_OPTIMIZATION_LEVEL = "-O";
				SWIFT_STRICT_CONCURRENCY = complete;
				SWIFT_VERSION = 6.2;
			};
			name = Release;
		};
		CD9AB829B5233A7B770568EE /* Debug */ = {
			isa = XCBuildConfiguration;
			buildSettings = {
				ALWAYS_SEARCH_USER_PATHS = NO;
				CLANG_ANALYZER_NONNULL = YES;
				CLANG_ANALYZER_NUMBER_OBJECT_CONVERSION = YES_AGGRESSIVE;
				CLANG_CXX_LANGUAGE_STANDARD = "gnu++14";
				CLANG_CXX_LIBRARY = "libc++";
				CLANG_ENABLE_MODULES = YES;
				CLANG_ENABLE_OBJC_ARC = YES;
				CLANG_ENABLE_OBJC_WEAK = YES;
				CLANG_WARN_BLOCK_CAPTURE_AUTORELEASING = YES;
				CLANG_WARN_BOOL_CONVERSION = YES;
				CLANG_WARN_COMMA = YES;
				CLANG_WARN_CONSTANT_CONVERSION = YES;
				CLANG_WARN_DEPRECATED_OBJC_IMPLEMENTATIONS = YES;
				CLANG_WARN_DIRECT_OBJC_ISA_USAGE = YES_ERROR;
				CLANG_WARN_DOCUMENTATION_COMMENTS = YES;
				CLANG_WARN_EMPTY_BODY = YES;
				CLANG_WARN_ENUM_CONVERSION = YES;
				CLANG_WARN_INFINITE_RECURSION = YES;
				CLANG_WARN_INT_CONVERSION = YES;
				CLANG_WARN_NON_LITERAL_NULL_CONVERSION = YES;
				CLANG_WARN_OBJC_IMPLICIT_RETAIN_SELF = YES;
				CLANG_WARN_OBJC_LITERAL_CONVERSION = YES;
				CLANG_WARN_OBJC_ROOT_CLASS = YES_ERROR;
				CLANG_WARN_QUOTED_INCLUDE_IN_FRAMEWORK_HEADER = YES;
				CLANG_WARN_RANGE_LOOP_ANALYSIS = YES;
				CLANG_WARN_STRICT_PROTOTYPES = YES;
				CLANG_WARN_SUSPICIOUS_MOVE = YES;
				CLANG_WARN_UNGUARDED_AVAILABILITY = YES_AGGRESSIVE;
				CLANG_WARN_UNREACHABLE_CODE = YES;
				CLANG_WARN__DUPLICATE_METHOD_MATCH = YES;
				COPY_PHASE_STRIP = NO;
				CURRENT_PROJECT_VERSION = 1;
				DEBUG_INFORMATION_FORMAT = dwarf;
				ENABLE_STRICT_OBJC_MSGSEND = YES;
				ENABLE_TESTABILITY = YES;
				GCC_C_LANGUAGE_STANDARD = gnu11;
				GCC_DYNAMIC_NO_PIC = NO;
				GCC_NO_COMMON_BLOCKS = YES;
				GCC_OPTIMIZATION_LEVEL = 0;
				GCC_PREPROCESSOR_DEFINITIONS = (
					"$(inherited)",
					"DEBUG=1",
				);
				GCC_WARN_64_TO_32_BIT_CONVERSION = YES;
				GCC_WARN_ABOUT_RETURN_TYPE = YES_ERROR;
				GCC_WARN_UNDECLARED_SELECTOR = YES;
				GCC_WARN_UNINITIALIZED_AUTOS = YES_AGGRESSIVE;
				GCC_WARN_UNUSED_FUNCTION = YES;
				GCC_WARN_UNUSED_VARIABLE = YES;
				MACOSX_DEPLOYMENT_TARGET = 15.0;
				MARKETING_VERSION = 0.1.0;
				MTL_ENABLE_DEBUG_INFO = INCLUDE_SOURCE;
				MTL_FAST_MATH = YES;
				ONLY_ACTIVE_ARCH = YES;
				PRODUCT_NAME = "$(TARGET_NAME)";
				SDKROOT = macosx;
				SWIFT_ACTIVE_COMPILATION_CONDITIONS = DEBUG;
				SWIFT_OPTIMIZATION_LEVEL = "-Onone";
				SWIFT_STRICT_CONCURRENCY = complete;
				SWIFT_VERSION = 6.2;
			};
			name = Debug;
		};
/* End XCBuildConfiguration section */

/* Begin XCConfigurationList section */
		7BC53DFDF5746356F727BB31 /* Build configuration list for PBXProject "Murmur" */ = {
			isa = XCConfigurationList;
			buildConfigurations = (
				CD9AB829B5233A7B770568EE /* Debug */,
				9191DF2C32DAEF5A429C8A63 /* Release */,
			);
			defaultConfigurationIsVisible = 0;
			defaultConfigurationName = Debug;
		};
		EDB1F9ED9EE411689FF7A246 /* Build configuration list for PBXNativeTarget "Murmur" */ = {
			isa = XCConfigurationList;
			buildConfigurations = (
				355F4A46252484FA15A00B8B /* Debug */,
				780199B9044B5F76C0A845AC /* Release */,
			);
			defaultConfigurationIsVisible = 0;
			defaultConfigurationName = Debug;
		};
/* End XCConfigurationList section */

/* Begin XCRemoteSwiftPackageReference section */
		1FBDA3E87B8F76165B204A76 /* XCRemoteSwiftPackageReference "mlx-audio-swift" */ = {
			isa = XCRemoteSwiftPackageReference;
			repositoryURL = "https://github.com/Blaizzy/mlx-audio-swift";
			requirement = {
				kind = upToNextMajorVersion;
				minimumVersion = 0.1.0;
			};
		};
		68A09680EA56AD8543AE1FFC /* XCRemoteSwiftPackageReference "KeyboardShortcuts" */ = {
			isa = XCRemoteSwiftPackageReference;
			repositoryURL = "https://github.com/sindresorhus/KeyboardShortcuts";
			requirement = {
				kind = upToNextMajorVersion;
				minimumVersion = 2.4.0;
			};
		};
		6F149797DCCFBFCB920C4E6D /* XCRemoteSwiftPackageReference "Defaults" */ = {
			isa = XCRemoteSwiftPackageReference;
			repositoryURL = "https://github.com/sindresorhus/Defaults";
			requirement = {
				kind = upToNextMajorVersion;
				minimumVersion = 9.0.6;
			};
		};
		86596CA00E85B6AFF6A69CBB /* XCRemoteSwiftPackageReference "LaunchAtLogin-Modern" */ = {
			isa = XCRemoteSwiftPackageReference;
			repositoryURL = "https://github.com/sindresorhus/LaunchAtLogin-Modern";
			requirement = {
				kind = upToNextMajorVersion;
				minimumVersion = 1.1.0;
			};
		};
/* End XCRemoteSwiftPackageReference section */

/* Begin XCSwiftPackageProductDependency section */
		33F7C9D880A6F670FF6D3025 /* MLXAudioTTS */ = {
			isa = XCSwiftPackageProductDependency;
			package = 1FBDA3E87B8F76165B204A76 /* XCRemoteSwiftPackageReference "mlx-audio-swift" */;
			productName = MLXAudioTTS;
		};
		4755A9F4C696CFA48D7D64A5 /* KeyboardShortcuts */ = {
			isa = XCSwiftPackageProductDependency;
			package = 68A09680EA56AD8543AE1FFC /* XCRemoteSwiftPackageReference "KeyboardShortcuts" */;
			productName = KeyboardShortcuts;
		};
		563D0F1F48A3BF206ADE39A6 /* LaunchAtLogin */ = {
			isa = XCSwiftPackageProductDependency;
			package = 86596CA00E85B6AFF6A69CBB /* XCRemoteSwiftPackageReference "LaunchAtLogin-Modern" */;
			productName = LaunchAtLogin;
		};
		8212EA57220295EA0A73AA67 /* Defaults */ = {
			isa = XCSwiftPackageProductDependency;
			package = 6F149797DCCFBFCB920C4E6D /* XCRemoteSwiftPackageReference "Defaults" */;
			productName = Defaults;
		};
/* End XCSwiftPackageProductDependency section */
	};
	rootObject = 212C51E196E4C5F2E057C421 /* Project object */;
}
